// !$*UTF8*$!
{
	archiveVersion = 1;
	classes = {
	};
	objectVersion = 77;
	objects = {

/* Begin PBXBuildFile section */
		692F1FE02F926A6A0037745D /* libczim.a in Frameworks */ = {isa = PBXBuildFile; fileRef = 692F1DDD2F91FA610037745D /* libczim.a */; };
		692F1FE62F92724A0037745D /* libzstd.1.5.7.dylib in Frameworks */ = {isa = PBXBuildFile; fileRef = 692F1FE52F92724A0037745D /* libzstd.1.5.7.dylib */; };
		692F1FE82F9272CF0037745D /* liblzma.5.dylib in Frameworks */ = {isa = PBXBuildFile; fileRef = 692F1FE72F9272CF0037745D /* liblzma.5.dylib */; };
/* End PBXBuildFile section */

/* Begin PBXContainerItemProxy section */
		692F1FDD2F926A660037745D /* PBXContainerItemProxy */ = {
			isa = PBXContainerItemProxy;
			containerPortal = 692F1DD52F91FA610037745D /* Project object */;
			proxyType = 1;
			remoteGlobalIDString = 692F1DDC2F91FA610037745D;
			remoteInfo = czim;
		};
/* End PBXContainerItemProxy section */

/* Begin PBXCopyFilesBuildPhase section */
		692F1FD42F926A580037745D /* CopyFiles */ = {
			isa = PBXCopyFilesBuildPhase;
			buildActionMask = 2147483647;
			dstPath = /usr/share/man/man1/;
			dstSubfolderSpec = 0;
			files = (
			);
			runOnlyForDeploymentPostprocessing = 1;
		};
/* End PBXCopyFilesBuildPhase section */

/* Begin PBXFileReference section */
		692F1DDD2F91FA610037745D /* libczim.a */ = {isa = PBXFileReference; explicitFileType = archive.ar; includeInIndex = 0; path = libczim.a; sourceTree = BUILT_PRODUCTS_DIR; };
		692F1FD62F926A580037745D /* tests */ = {isa = PBXFileReference; explicitFileType = "compiled.mach-o.executable"; includeInIndex = 0; path = tests; sourceTree = BUILT_PRODUCTS_DIR; };
		692F1FE52F92724A0037745D /* libzstd.1.5.7.dylib */ = {isa = PBXFileReference; lastKnownFileType = "compiled.mach-o.dylib"; name = libzstd.1.5.7.dylib; path = ../../../../opt/homebrew/Cellar/zstd/1.5.7_1/lib/libzstd.1.5.7.dylib; sourceTree = "<group>"; };
		692F1FE72F9272CF0037745D /* liblzma.5.dylib */ = {isa = PBXFileReference; lastKnownFileType = "compiled.mach-o.dylib"; name = liblzma.5.dylib; path = ../../../../opt/homebrew/Cellar/xz/5.8.2/lib/liblzma.5.dylib; sourceTree = "<group>"; };
		692F26A52F9765170037745D /* uobject.xcodeproj */ = {isa = PBXFileReference; lastKnownFileType = "wrapper.pb-project"; path = uobject.xcodeproj; sourceTree = "<group>"; };
		69F07E502F985B800045BB3B /* uobject.xcodeproj */ = {isa = PBXFileReference; lastKnownFileType = "wrapper.pb-project"; path = uobject.xcodeproj; sourceTree = "<group>"; };
		69F07EC72F986DBE0045BB3B /* uobject.xcodeproj */ = {isa = PBXFileReference; lastKnownFileType = "wrapper.pb-project"; path = uobject.xcodeproj; sourceTree = "<group>"; };
/* End PBXFileReference section */

/* Begin PBXFileSystemSynchronizedBuildFileExceptionSet section */
		69F07E782F985BE90045BB3B /* Exceptions for "deps" folder in "czim" target */ = {
			isa = PBXFileSystemSynchronizedBuildFileExceptionSet;
			membershipExceptions = (
				uobject/src/ucache.c,
				uobject/src/ucache.h,
				uobject/src/uhash.c,
				uobject/src/uobject.c,
				uobject/src/uobject.h,
			);
			target = 692F1DDC2F91FA610037745D /* czim */;
		};
/* End PBXFileSystemSynchronizedBuildFileExceptionSet section */

/* Begin PBXFileSystemSynchronizedRootGroup section */
		692F1FD72F926A590037745D /* tests */ = {
			isa = PBXFileSystemSynchronizedRootGroup;
			path = tests;
			sourceTree = "<group>";
		};
		692F20552F9755930037745D /* deps */ = {
			isa = PBXFileSystemSynchronizedRootGroup;
			exceptions = (
				69F07E782F985BE90045BB3B /* Exceptions for "deps" folder in "czim" target */,
			);
			path = deps;
			sourceTree = "<group>";
		};
		692F270F2F9767730037745D /* src */ = {
			isa = PBXFileSystemSynchronizedRootGroup;
			path = src;
			sourceTree = "<group>";
		};
/* End PBXFileSystemSynchronizedRootGroup section */

/* Begin PBXFrameworksBuildPhase section */
		692F1DDB2F91FA610037745D /* Frameworks */ = {
			isa = PBXFrameworksBuildPhase;
			buildActionMask = 2147483647;
			files = (
			);
			runOnlyForDeploymentPostprocessing = 0;
		};
		692F1FD32F926A580037745D /* Frameworks */ = {
			isa = PBXFrameworksBuildPhase;
			buildActionMask = 2147483647;
			files = (
				692F1FE82F9272CF0037745D /* liblzma.5.dylib in Frameworks */,
				692F1FE62F92724A0037745D /* libzstd.1.5.7.dylib in Frameworks */,
				692F1FE02F926A6A0037745D /* libczim.a in Frameworks */,
			);
			runOnlyForDeploymentPostprocessing = 0;
		};
/* End PBXFrameworksBuildPhase section */

/* Begin PBXGroup section */
		692F1DD42F91FA610037745D = {
			isa = PBXGroup;
			children = (
				692F270F2F9767730037745D /* src */,
				692F20552F9755930037745D /* deps */,
				692F1FD72F926A590037745D /* tests */,
				692F1FDF2F926A6A0037745D /* Frameworks */,
				692F1DDE2F91FA610037745D /* Products */,
			);
			sourceTree = "<group>";
		};
		692F1DDE2F91FA610037745D /* Products */ = {
			isa = PBXGroup;
			children = (
				692F1DDD2F91FA610037745D /* libczim.a */,
				692F1FD62F926A580037745D /* tests */,
			);
			name = Products;
			sourceTree = "<group>";
		};
		692F1FDF2F926A6A0037745D /* Frameworks */ = {
			isa = PBXGroup;
			children = (
				692F1FE72F9272CF0037745D /* liblzma.5.dylib */,
				692F1FE52F92724A0037745D /* libzstd.1.5.7.dylib */,
			);
			name = Frameworks;
			sourceTree = "<group>";
		};
		692F26A72F9765170037745D /* Products */ = {
			isa = PBXGroup;
			children = (
			);
			name = Products;
			sourceTree = "<group>";
		};
		69F07E522F985B800045BB3B /* Products */ = {
			isa = PBXGroup;
			children = (
			);
			name = Products;
			sourceTree = "<group>";
		};
		69F07EC92F986DBE0045BB3B /* Products */ = {
			isa = PBXGroup;
			children = (
			);
			name = Products;
			sourceTree = "<group>";
		};
/* End PBXGroup section */

/* Begin PBXHeadersBuildPhase section */
		692F1DD92F91FA610037745D /* Headers */ = {
			isa = PBXHeadersBuildPhase;
			buildActionMask = 2147483647;
			files = (
			);
			runOnlyForDeploymentPostprocessing = 0;
		};
/* End PBXHeadersBuildPhase section */

/* Begin PBXNativeTarget section */
		692F1DDC2F91FA610037745D /* czim */ = {
			isa = PBXNativeTarget;
			buildConfigurationList = 692F1DE12F91FA610037745D /* Build configuration list for PBXNativeTarget "czim" */;
			buildPhases = (
				692F1DD92F91FA610037745D /* Headers */,
				692F1DDA2F91FA610037745D /* Sources */,
				692F1DDB2F91FA610037745D /* Frameworks */,
			);
			buildRules = (
			);
			dependencies = (
			);
			fileSystemSynchronizedGroups = (
				692F270F2F9767730037745D /* src */,
			);
			name = czim;
			packageProductDependencies = (
			);
			productName = czim;
			productReference = 692F1DDD2F91FA610037745D /* libczim.a */;
			productType = "com.apple.product-type.library.static";
		};
		692F1FD52F926A580037745D /* tests */ = {
			isa = PBXNativeTarget;
			buildConfigurationList = 692F1FDC2F926A590037745D /* Build configuration list for PBXNativeTarget "tests" */;
			buildPhases = (
				692F1FD22F926A580037745D /* Sources */,
				692F1FD32F926A580037745D /* Frameworks */,
				692F1FD42F926A580037745D /* CopyFiles */,
			);
			buildRules = (
			);
			dependencies = (
				692F1FDE2F926A660037745D /* PBXTargetDependency */,
			);
			fileSystemSynchronizedGroups = (
				692F1FD72F926A590037745D /* tests */,
			);
			name = tests;
			packageProductDependencies = (
			);
			productName = tests;
			productReference = 692F1FD62F926A580037745D /* tests */;
			productType = "com.apple.product-type.tool";
		};
/* End PBXNativeTarget section */

/* Begin PBXProject section */
		692F1DD52F91FA610037745D /* Project object */ = {
			isa = PBXProject;
			attributes = {
				BuildIndependentTargetsInParallel = 1;
				LastUpgradeCheck = 2640;
				TargetAttributes = {
					692F1DDC2F91FA610037745D = {
						CreatedOnToolsVersion = 26.4;
					};
					692F1FD52F926A580037745D = {
						CreatedOnToolsVersion = 26.4;
					};
				};
			};
			buildConfigurationList = 692F1DD82F91FA610037745D /* Build configuration list for PBXProject "czim" */;
			developmentRegion = en;
			hasScannedForEncodings = 0;
			knownRegions = (
				en,
				Base,
			);
			mainGroup = 692F1DD42F91FA610037745D;
			minimizedProjectReferenceProxies = 1;
			preferredProjectObjectVersion = 77;
			productRefGroup = 692F1DDE2F91FA610037745D /* Products */;
			projectDirPath = "";
			projectReferences = (
				{
					ProductGroup = 69F07E522F985B800045BB3B /* Products */;
					ProjectRef = 69F07E502F985B800045BB3B /* uobject.xcodeproj */;
				},
				{
					ProductGroup = 69F07EC92F986DBE0045BB3B /* Products */;
					ProjectRef = 69F07EC72F986DBE0045BB3B /* uobject.xcodeproj */;
				},
				{
					ProductGroup = 692F26A72F9765170037745D /* Products */;
					ProjectRef = 692F26A52F9765170037745D /* uobject.xcodeproj */;
				},
			);
			projectRoot = "";
			targets = (
				692F1DDC2F91FA610037745D /* czim */,
				692F1FD52F926A580037745D /* tests */,
			);
		};
/* End PBXProject section */

/* Begin PBXSourcesBuildPhase section */
		692F1DDA2F91FA610037745D /* Sources */ = {
			isa = PBXSourcesBuildPhase;
			buildActionMask = 2147483647;
			files = (
			);
			runOnlyForDeploymentPostprocessing = 0;
		};
		692F1FD22F926A580037745D /* Sources */ = {
			isa = PBXSourcesBuildPhase;
			buildActionMask = 2147483647;
			files = (
			);
			runOnlyForDeploymentPostprocessing = 0;
		};
/* End PBXSourcesBuildPhase section */

/* Begin PBXTargetDependency section */
		692F1FDE2F926A660037745D /* PBXTargetDependency */ = {
			isa = PBXTargetDependency;
			target = 692F1DDC2F91FA610037745D /* czim */;
			targetProxy = 692F1FDD2F926A660037745D /* PBXContainerItemProxy */;
		};
/* End PBXTargetDependency section */

/* Begin XCBuildConfiguration section */
		692F1DDF2F91FA610037745D /* Debug */ = {
			isa = XCBuildConfiguration;
			buildSettings = {
				ALWAYS_SEARCH_USER_PATHS = NO;
				ASSETCATALOG_COMPILER_GENERATE_SWIFT_ASSET_SYMBOL_EXTENSIONS = YES;
				CLANG_ANALYZER_NONNULL = YES;
				CLANG_ANALYZER_NUMBER_OBJECT_CONVERSION = YES_AGGRESSIVE;
				CLANG_CXX_LANGUAGE_STANDARD = "gnu++20";
				CLANG_ENABLE_MODULES = YES;
				CLANG_ENABLE_OBJC_ARC = YES;
				CLANG_ENABLE_OBJC_WEAK = YES;
				CLANG_WARN_BLOCK_CAPTURE_AUTORELEASING = YES;
				CLANG_WARN_BOOL_CONVERSION = YES;
				CLANG_WARN_COMMA = YES;
				CLANG_WARN_CONSTANT_CONVERSION = YES;
				CLANG_WARN_DEPRECATED_OBJC_IMPLEMENTATIONS = YES;
				CLANG_WARN_DIRECT_OBJC_ISA_USAGE = YES_ERROR;
				CLANG_WARN_DOCUMENTATION_COMMENTS = YES;
				CLANG_WARN_EMPTY_BODY = YES;
				CLANG_WARN_ENUM_CONVERSION = YES;
				CLANG_WARN_INFINITE_RECURSION = YES;
				CLANG_WARN_INT_CONVERSION = YES;
				CLANG_WARN_NON_LITERAL_NULL_CONVERSION = YES;
				CLANG_WARN_OBJC_IMPLICIT_RETAIN_SELF = YES;
				CLANG_WARN_OBJC_LITERAL_CONVERSION = YES;
				CLANG_WARN_OBJC_ROOT_CLASS = YES_ERROR;
				CLANG_WARN_QUOTED_INCLUDE_IN_FRAMEWORK_HEADER = YES;
				CLANG_WARN_RANGE_LOOP_ANALYSIS = YES;
				CLANG_WARN_STRICT_PROTOTYPES = YES;
				CLANG_WARN_SUSPICIOUS_MOVE = YES;
				CLANG_WARN_UNGUARDED_AVAILABILITY = YES_AGGRESSIVE;
				CLANG_WARN_UNREACHABLE_CODE = YES;
				CLANG_WARN__DUPLICATE_METHOD_MATCH = YES;
				COPY_PHASE_STRIP = NO;
				DEBUG_INFORMATION_FORMAT = dwarf;
				ENABLE_STRICT_OBJC_MSGSEND = YES;
				ENABLE_TESTABILITY = YES;
				ENABLE_USER_SCRIPT_SANDBOXING = YES;
				GCC_C_LANGUAGE_STANDARD = gnu17;
				GCC_DYNAMIC_NO_PIC = NO;
				GCC_NO_COMMON_BLOCKS = YES;
				GCC_OPTIMIZATION_LEVEL = 0;
				GCC_PREPROCESSOR_DEFINITIONS = (
					"DEBUG=1",
					"$(inherited)",
				);
				GCC_WARN_64_TO_32_BIT_CONVERSION = YES;
				GCC_WARN_ABOUT_RETURN_TYPE = YES_ERROR;
				GCC_WARN_UNDECLARED_SELECTOR = YES;
				GCC_WARN_UNINITIALIZED_AUTOS = YES_AGGRESSIVE;
				GCC_WARN_UNUSED_FUNCTION = YES;
				GCC_WARN_UNUSED_VARIABLE = YES;
				LOCALIZATION_PREFERS_STRING_CATALOGS = YES;
				MACOSX_DEPLOYMENT_TARGET = 26.3;
				MTL_ENABLE_DEBUG_INFO = INCLUDE_SOURCE;
				MTL_FAST_MATH = YES;
				ONLY_ACTIVE_ARCH = YES;
				SDKROOT = macosx;
			};
			name = Debug;
		};
		692F1DE02F91FA610037745D /* Release */ = {
			isa = XCBuildConfiguration;
			buildSettings = {
				ALWAYS_SEARCH_USER_PATHS = NO;
				ASSETCATALOG_COMPILER_GENERATE_SWIFT_ASSET_SYMBOL_EXTENSIONS = YES;
				CLANG_ANALYZER_NONNULL = YES;
				CLANG_ANALYZER_NUMBER_OBJECT_CONVERSION = YES_AGGRESSIVE;
				CLANG_CXX_LANGUAGE_STANDARD = "gnu++20";
				CLANG_ENABLE_MODULES = YES;
				CLANG_ENABLE_OBJC_ARC = YES;
				CLANG_ENABLE_OBJC_WEAK = YES;
				CLANG_WARN_BLOCK_CAPTURE_AUTORELEASING = YES;
				CLANG_WARN_BOOL_CONVERSION = YES;
				CLANG_WARN_COMMA = YES;
				CLANG_WARN_CONSTANT_CONVERSION = YES;
				CLANG_WARN_DEPRECATED_OBJC_IMPLEMENTATIONS = YES;
				CLANG_WARN_DIRECT_OBJC_ISA_USAGE = YES_ERROR;
				CLANG_WARN_DOCUMENTATION_COMMENTS = YES;
				CLANG_WARN_EMPTY_BODY = YES;
				CLANG_WARN_ENUM_CONVERSION = YES;
				CLANG_WARN_INFINITE_RECURSION = YES;
				CLANG_WARN_INT_CONVERSION = YES;
				CLANG_WARN_NON_LITERAL_NULL_CONVERSION = YES;
				CLANG_WARN_OBJC_IMPLICIT_RETAIN_SELF = YES;
				CLANG_WARN_OBJC_LITERAL_CONVERSION = YES;
				CLANG_WARN_OBJC_ROOT_CLASS = YES_ERROR;
				CLANG_WARN_QUOTED_INCLUDE_IN_FRAMEWORK_HEADER = YES;
				CLANG_WARN_RANGE_LOOP_ANALYSIS = YES;
				CLANG_WARN_STRICT_PROTOTYPES = YES;
				CLANG_WARN_SUSPICIOUS_MOVE = YES;
				CLANG_WARN_UNGUARDED_AVAILABILITY = YES_AGGRESSIVE;
				CLANG_WARN_UNREACHABLE_CODE = YES;
				CLANG_WARN__DUPLICATE_METHOD_MATCH = YES;
				COPY_PHASE_STRIP = NO;
				DEBUG_INFORMATION_FORMAT = "dwarf-with-dsym";
				ENABLE_NS_ASSERTIONS = NO;
				ENABLE_STRICT_OBJC_MSGSEND = YES;
				ENABLE_USER_SCRIPT_SANDBOXING = YES;
				GCC_C_LANGUAGE_STANDARD = gnu17;
				GCC_NO_COMMON_BLOCKS = YES;
				GCC_WARN_64_TO_32_BIT_CONVERSION = YES;
				GCC_WARN_ABOUT_RETURN_TYPE = YES_ERROR;
				GCC_WARN_UNDECLARED_SELECTOR = YES;
				GCC_WARN_UNINITIALIZED_AUTOS = YES_AGGRESSIVE;
				GCC_WARN_UNUSED_FUNCTION = YES;
				GCC_WARN_UNUSED_VARIABLE = YES;
				LOCALIZATION_PREFERS_STRING_CATALOGS = YES;
				MACOSX_DEPLOYMENT_TARGET = 26.3;
				MTL_ENABLE_DEBUG_INFO = NO;
				MTL_FAST_MATH = YES;
				SDKROOT = macosx;
			};
			name = Release;
		};
		692F1DE22F91FA610037745D /* Debug */ = {
			isa = XCBuildConfiguration;
			buildSettings = {
				CODE_SIGN_STYLE = Automatic;
				EXECUTABLE_PREFIX = lib;
				HEADER_SEARCH_PATHS = (
					/opt/homebrew/opt/zstd/include,
					/opt/homebrew/opt/xz/include,
					deps/uobject/src,
				);
				LIBRARY_SEARCH_PATHS = (
					/opt/homebrew/opt/zstd/lib,
					/opt/homebrew/opt/xz/lib,
				);
				OTHER_LDFLAGS = (
					"-lzstd",
					"-llzma",
					"-lpthread",
				);
				PRODUCT_NAME = "$(TARGET_NAME)";
				SKIP_INSTALL = YES;
			};
			name = Debug;
		};
		692F1DE32F91FA610037745D /* Release */ = {
			isa = XCBuildConfiguration;
			buildSettings = {
				CODE_SIGN_STYLE = Automatic;
				EXECUTABLE_PREFIX = lib;
				HEADER_SEARCH_PATHS = (
					/opt/homebrew/opt/zstd/include,
					/opt/homebrew/opt/xz/include,
					deps/uobject/src,
				);
				LIBRARY_SEARCH_PATHS = (
					/opt/homebrew/opt/zstd/lib,
					/opt/homebrew/opt/xz/lib,
				);
				OTHER_LDFLAGS = (
					"-lzstd",
					"-llzma",
					"-lpthread",
				);
				PRODUCT_NAME = "$(TARGET_NAME)";
				SKIP_INSTALL = YES;
			};
			name = Release;
		};
		692F1FDA2F926A590037745D /* Debug */ = {
			isa = XCBuildConfiguration;
			buildSettings = {
				CODE_SIGN_STYLE = Automatic;
				HEADER_SEARCH_PATHS = (
					"$(inherited)",
					deps/uobject/src,
				);
				LIBRARY_SEARCH_PATHS = (
					"$(inherited)",
					/opt/homebrew/Cellar/zstd/1.5.7_1/lib,
					/opt/homebrew/Cellar/xz/5.8.2/lib,
				);
				PRODUCT_NAME = "$(TARGET_NAME)";
			};
			name = Debug;
		};
		692F1FDB2F926A590037745D /* Release */ = {
			isa = XCBuildConfiguration;
			buildSettings = {
				CODE_SIGN_STYLE = Automatic;
				HEADER_SEARCH_PATHS = (
					"$(inherited)",
					deps/uobject/src,
				);
				LIBRARY_SEARCH_PATHS = (
					"$(inherited)",
					/opt/homebrew/Cellar/zstd/1.5.7_1/lib,
					/opt/homebrew/Cellar/xz/5.8.2/lib,
				);
				PRODUCT_NAME = "$(TARGET_NAME)";
			};
			name = Release;
		};
/* End XCBuildConfiguration section */

/* Begin XCConfigurationList section */
		692F1DD82F91FA610037745D /* Build configuration list for PBXProject "czim" */ = {
			isa = XCConfigurationList;
			buildConfigurations = (
				692F1DDF2F91FA610037745D /* Debug */,
				692F1DE02F91FA610037745D /* Release */,
			);
			defaultConfigurationIsVisible = 0;
			defaultConfigurationName = Release;
		};
		692F1DE12F91FA610037745D /* Build configuration list for PBXNativeTarget "czim" */ = {
			isa = XCConfigurationList;
			buildConfigurations = (
				692F1DE22F91FA610037745D /* Debug */,
				692F1DE32F91FA610037745D /* Release */,
			);
			defaultConfigurationIsVisible = 0;
			defaultConfigurationName = Release;
		};
		692F1FDC2F926A590037745D /* Build configuration list for PBXNativeTarget "tests" */ = {
			isa = XCConfigurationList;
			buildConfigurations = (
				692F1FDA2F926A590037745D /* Debug */,
				692F1FDB2F926A590037745D /* Release */,
			);
			defaultConfigurationIsVisible = 0;
			defaultConfigurationName = Release;
		};
/* End XCConfigurationList section */
	};
	rootObject = 692F1DD52F91FA610037745D /* Project object */;
}
